
Microsoft Visual Studio Solution File, Format Version 12.00
# Visual Studio Version 17
VisualStudioVersion = 17.12.35707.178
MinimumVisualStudioVersion = 10.0.40219.1
Project("{2150E333-8FDC-42A3-9474-1A3956D46DE8}") = "0.Source", "0.Source", "{BA6DDB92-5ED6-4530-A642-3DF3F24AD326}"
EndProject
Project("{2150E333-8FDC-42A3-9474-1A3956D46DE8}") = "1.Commons", "1.Commons", "{FBD12F46-D8AC-4AEF-A5C9-984E63D473F5}"
EndProject
Project("{2150E333-8FDC-42A3-9474-1A3956D46DE8}") = "2.Presentation Layer", "2.Presentation Layer", "{C7881A21-7FA9-4EC8-9A05-F1234F377F43}"
EndProject
Project("{2150E333-8FDC-42A3-9474-1A3956D46DE8}") = "3.MicroServices", "3.MicroServices", "{4CE3D85F-9297-4D34-8189-8D5E22E637FC}"
EndProject
Project("{2150E333-8FDC-42A3-9474-1A3956D46DE8}") = "4.Test", "4.Test", "{DDA202F6-3D10-4D6C-8218-0F1EB0819A97}"
EndProject
Project("{FAE04EC0-301F-11D3-BF4B-00C04F79EFBC}") = "TMQ.BaseApplication", "TMQ.BaseApplication\TMQ.BaseApplication.csproj", "{A289C8CD-8FCE-483E-A4F4-E29DC3BCFC62}"
EndProject
Project("{FAE04EC0-301F-11D3-BF4B-00C04F79EFBC}") = "TMQ.Config", "TMQ.Config\TMQ.Config.csproj", "{FA743559-EC72-4B78-AC13-D563ACCC2E14}"
EndProject
Project("{FAE04EC0-301F-11D3-BF4B-00C04F79EFBC}") = "TMQ.Common", "TMQ.Common\TMQ.Common.csproj", "{781240E5-5933-4B60-914C-3EEEBF5B551B}"
EndProject
Project("{FAE04EC0-301F-11D3-BF4B-00C04F79EFBC}") = "TMQ.BaseApplication.Api", "TMQ.BaseApplication.Api\TMQ.BaseApplication.Api.csproj", "{164BABD8-9020-4F02-9B9E-574A42DE40A5}"
EndProject
Project("{FAE04EC0-301F-11D3-BF4B-00C04F79EFBC}") = "TMQ.BaseAppilcation.Web", "TMQ.BaseAppilcation.Web\TMQ.BaseAppilcation.Web.csproj", "{5D2A9AC6-5D8F-4AF7-A260-BD75520E793B}"
EndProject
Project("{FAE04EC0-301F-11D3-BF4B-00C04F79EFBC}") = "TMQ.BaseCommands", "TMQ.BaseCommands\TMQ.BaseCommands.csproj", "{55D23780-8FC4-427F-BEA1-FD30BD596669}"
EndProject
Project("{FAE04EC0-301F-11D3-BF4B-00C04F79EFBC}") = "TMQ.BaseDomains", "TMQ.BaseDomains\TMQ.BaseDomains.csproj", "{753765A4-2E80-4CA2-BA93-FB1A357006A6}"
EndProject
Project("{FAE04EC0-301F-11D3-BF4B-00C04F79EFBC}") = "TMQ.BaseEvents", "TMQ.BaseEvents\TMQ.BaseEvents.csproj", "{668BF3BE-7631-42B7-B0EF-AC7B0FCF7598}"
EndProject
Project("{FAE04EC0-301F-11D3-BF4B-00C04F79EFBC}") = "TMQ.BaseEvents.Extensions", "TMQ.BaseEvents.Extensions\TMQ.BaseEvents.Extensions.csproj", "{457E6844-BEF1-410C-AA49-DF624C2FE1C2}"
EndProject
Project("{FAE04EC0-301F-11D3-BF4B-00C04F79EFBC}") = "TMQ.BaseReadModels", "TMQ.BaseReadModels\TMQ.BaseReadModels.csproj", "{CC8609E0-FD43-4DE4-99C9-9559A638735A}"
EndProject
Project("{FAE04EC0-301F-11D3-BF4B-00C04F79EFBC}") = "TMQ.BaseRepositories", "TMQ.BaseRepositories\TMQ.BaseRepositories.csproj", "{39AC22AA-CC87-452E-8B76-75B9D3E3E5E5}"
EndProject
Project("{FAE04EC0-301F-11D3-BF4B-00C04F79EFBC}") = "TMQ.Cache", "TMQ.Cache\TMQ.Cache.csproj", "{F8B0B691-3126-4509-B46A-ACD29A055BAC}"
EndProject
Project("{FAE04EC0-301F-11D3-BF4B-00C04F79EFBC}") = "TMQ.EnumDefine", "TMQ.EnumDefine\TMQ.EnumDefine.csproj", "{ECF45609-3AE4-4098-8988-5F63C95E4E59}"
EndProject
Project("{FAE04EC0-301F-11D3-BF4B-00C04F79EFBC}") = "TMQ.EsRepositories", "TMQ.EsRepositories\TMQ.EsRepositories.csproj", "{CC2F3515-2762-407E-8060-A32DA4AE8411}"
EndProject
Project("{FAE04EC0-301F-11D3-BF4B-00C04F79EFBC}") = "TMQ.EventBus", "TMQ.EventBus\TMQ.EventBus.csproj", "{EC151C73-BCE7-42B2-B46B-FA5B1925BABB}"
EndProject
Project("{FAE04EC0-301F-11D3-BF4B-00C04F79EFBC}") = "TMQ.Exceptions", "TMQ.Exceptions\TMQ.Exceptions.csproj", "{A3A0A04F-C990-4C3C-B2ED-344857E5597B}"
EndProject
Project("{FAE04EC0-301F-11D3-BF4B-00C04F79EFBC}") = "TMQ.GoogleService", "TMQ.GoogleService\TMQ.GoogleService.csproj", "{A310BA3C-ABAA-427B-933D-F9051F1D05D5}"
EndProject
Project("{FAE04EC0-301F-11D3-BF4B-00C04F79EFBC}") = "TMQ.GrpcClient", "TMQ.GrpcClient\TMQ.GrpcClient.csproj", "{4072BB6D-0562-4FE7-BAB5-1111F01A4C80}"
EndProject
Project("{FAE04EC0-301F-11D3-BF4B-00C04F79EFBC}") = "TMQ.GrpcServer", "TMQ.GrpcServer\TMQ.GrpcServer.csproj", "{29477EB9-5F15-4400-9EFE-71AE289037CE}"
EndProject
Project("{FAE04EC0-301F-11D3-BF4B-00C04F79EFBC}") = "TMQ.HttpClientBase", "TMQ.HttpClientBase\TMQ.HttpClientBase.csproj", "{6A1404AB-2455-4EC7-855C-628A2A2575C5}"
EndProject
Project("{FAE04EC0-301F-11D3-BF4B-00C04F79EFBC}") = "TMQ.Models.Shared", "TMQ.Models.Shared\TMQ.Models.Shared.csproj", "{B59F97DB-3DC4-4118-8933-33EA754E966E}"
EndProject
Project("{2150E333-8FDC-42A3-9474-1A3956D46DE8}") = "01.AccountManager", "01.AccountManager", "{4FDBA21C-0FEF-4C0A-B7D7-A3559074949F}"
EndProject
Project("{2150E333-8FDC-42A3-9474-1A3956D46DE8}") = "1.Presentation Layer", "1.Presentation Layer", "{1EFF2C42-469C-45EB-91E7-E2BDDFB8427B}"
EndProject
Project("{2150E333-8FDC-42A3-9474-1A3956D46DE8}") = "2.Domain Layer", "2.Domain Layer", "{4FE3B1CE-EBCD-4A30-9550-26C40A0ACCF4}"
EndProject
Project("{2150E333-8FDC-42A3-9474-1A3956D46DE8}") = "3.Data Layer", "3.Data Layer", "{A33D7BC5-55C8-4886-A5AC-9BF753F0F846}"
EndProject
Project("{FAE04EC0-301F-11D3-BF4B-00C04F79EFBC}") = "TMQ.AccountCommands", "TMQ.AccountCommands\TMQ.AccountCommands.csproj", "{08E7AD28-8F78-463B-8FC2-E1162CDA58AB}"
EndProject
Project("{FAE04EC0-301F-11D3-BF4B-00C04F79EFBC}") = "TMQ.AccountDomains", "TMQ.AccountDomains\TMQ.AccountDomains.csproj", "{8262D765-E691-41CC-9C65-4F69344F0E17}"
EndProject
Project("{FAE04EC0-301F-11D3-BF4B-00C04F79EFBC}") = "TMQ.AccountReadModels", "TMQ.AccountReadModels\TMQ.AccountReadModels.csproj", "{1039F3F3-F363-461C-A071-83F3CFDD2C49}"
EndProject
Project("{2150E333-8FDC-42A3-9474-1A3956D46DE8}") = "02.EmailManager", "02.EmailManager", "{B234FE10-CAC6-4DC6-B7B9-9AF47BD6F4E3}"
EndProject
Project("{2150E333-8FDC-42A3-9474-1A3956D46DE8}") = "03.FileManager", "03.FileManager", "{D9EB081C-4DC7-48B1-A537-999F89FB3CB1}"
EndProject
Project("{2150E333-8FDC-42A3-9474-1A3956D46DE8}") = "04.NotificationManager", "04.NotificationManager", "{EE309F75-2B5A-4CA2-AD77-1516CB632AC6}"
EndProject
Project("{2150E333-8FDC-42A3-9474-1A3956D46DE8}") = "05.PostManager", "05.PostManager", "{1DD5970D-DEE4-4E15-96F1-86E10B9F7A48}"
EndProject
Project("{2150E333-8FDC-42A3-9474-1A3956D46DE8}") = "06.ChatManager", "06.ChatManager", "{09DB6C79-535E-483F-8C7A-A8BFE631898D}"
EndProject
Project("{2150E333-8FDC-42A3-9474-1A3956D46DE8}") = "07.StoryManager", "07.StoryManager", "{25CEB0D3-13DF-42D3-BEA9-38C5FA852DA4}"
EndProject
Project("{2150E333-8FDC-42A3-9474-1A3956D46DE8}") = "08.PageManager", "08.PageManager", "{0D66E167-36B1-4AD2-8508-412F180C8D68}"
EndProject
Project("{2150E333-8FDC-42A3-9474-1A3956D46DE8}") = "09.GroupManager", "09.GroupManager", "{BBD6C3C7-73A9-4A08-9111-AFFA5A88AFDB}"
EndProject
Project("{2150E333-8FDC-42A3-9474-1A3956D46DE8}") = "10.SystemManager", "10.SystemManager", "{A2042F11-A530-4156-AC8D-5B2D64C43E8F}"
EndProject
Project("{2150E333-8FDC-42A3-9474-1A3956D46DE8}") = "11.LocationManager", "11.LocationManager", "{D4FD6652-1EB0-4359-B6F2-7D4629625FEF}"
EndProject
Project("{2150E333-8FDC-42A3-9474-1A3956D46DE8}") = "12.LogManager", "12.LogManager", "{25AA09EC-AF89-49F8-8231-494A3D49C026}"
EndProject
Project("{FAE04EC0-301F-11D3-BF4B-00C04F79EFBC}") = "TMQ.AccountRepository", "TMQ.AccountRepository\TMQ.AccountRepository.csproj", "{8B71E50D-8C68-4C78-82A8-537765E5E9B4}"
EndProject
Project("{FAE04EC0-301F-11D3-BF4B-00C04F79EFBC}") = "TMQ.AccountRepositorySQLImplement", "AccountRepositorySQLImplement\TMQ.AccountRepositorySQLImplement.csproj", "{45BFC958-91AB-4FCE-9B44-B2E8D42D64EE}"
EndProject
Project("{FAE04EC0-301F-11D3-BF4B-00C04F79EFBC}") = "TMQ.AccountManager", "TMQ.AccountManager\TMQ.AccountManager.csproj", "{59081437-A192-4935-A662-2EEBE9F3B04A}"
EndProject
Project("{FAE04EC0-301F-11D3-BF4B-00C04F79EFBC}") = "TMQ.AccountManager.Shared", "TMQ.AccountManager.Shared\TMQ.AccountManager.Shared.csproj", "{5BA5285F-4374-4CE5-A409-819A6320599A}"
EndProject
Project("{FAE04EC0-301F-11D3-BF4B-00C04F79EFBC}") = "TMQ.AccountOldRepositorySQLImplement", "TMQ.AccountRepositorySQLImplement\TMQ.AccountOldRepositorySQLImplement.csproj", "{20A940C9-AC1E-481A-ABAD-C4F703FD0E56}"
EndProject
Project("{2150E333-8FDC-42A3-9474-1A3956D46DE8}") = "1.Presentation Layer", "1.Presentation Layer", "{4EBF7476-C499-4BF5-9C0D-0E6517EFEDA8}"
EndProject
Project("{2150E333-8FDC-42A3-9474-1A3956D46DE8}") = "2.Domain Layer", "2.Domain Layer", "{52B9FC58-4055-45F8-AC57-289E88314DA0}"
EndProject
Project("{2150E333-8FDC-42A3-9474-1A3956D46DE8}") = "3.Data Layer", "3.Data Layer", "{000AA80C-A498-4E27-82F3-DD30D02BD2E6}"
EndProject
Project("{FAE04EC0-301F-11D3-BF4B-00C04F79EFBC}") = "TMQ.SystemCommands", "TMQ.SystemCommands\TMQ.SystemCommands.csproj", "{24572513-F1ED-4946-8C02-823A500E4A09}"
EndProject
Project("{FAE04EC0-301F-11D3-BF4B-00C04F79EFBC}") = "TMQ.SystemDomains", "TMQ.SystemDomains\TMQ.SystemDomains.csproj", "{7B1BEF6C-04F5-428A-AD57-B7C1D7DAD770}"
EndProject
Project("{FAE04EC0-301F-11D3-BF4B-00C04F79EFBC}") = "TMQ.SystemReadModels", "TMQ.SystemReadModels\TMQ.SystemReadModels.csproj", "{1916360D-4006-4D1F-929D-FD84FC777163}"
EndProject
Project("{FAE04EC0-301F-11D3-BF4B-00C04F79EFBC}") = "TMQ.SystemRepository", "TMQ.SystemRepository\TMQ.SystemRepository.csproj", "{8431CE4D-BE5D-44A0-8E02-4276E01A3B6E}"
EndProject
Project("{FAE04EC0-301F-11D3-BF4B-00C04F79EFBC}") = "TMQ.SystemRepositorySQLImplement", "TMQ.SystemRepositorySQLImplement\TMQ.SystemRepositorySQLImplement.csproj", "{6F8B4243-9BC8-4F24-A514-58B35A5626DA}"
EndProject
Project("{FAE04EC0-301F-11D3-BF4B-00C04F79EFBC}") = "TMQ.SystemManager.Shared", "TMQ.SystemManager.Shared\TMQ.SystemManager.Shared.csproj", "{FF3EE456-7897-458A-ADC5-7BDEB9DCB4E2}"
EndProject
Project("{FAE04EC0-301F-11D3-BF4B-00C04F79EFBC}") = "TMQ.SystemManager", "TMQ.SystemManager\TMQ.SystemManager.csproj", "{C7F749C9-6957-468A-BDBE-D95D5F7F9C0E}"
EndProject
Project("{FAE04EC0-301F-11D3-BF4B-00C04F79EFBC}") = "TMQ.FileUpload", "TMQ.FileUpload\TMQ.FileUpload.csproj", "{FB1912D4-0005-4C1C-A57D-D4032D98F318}"
EndProject
Project("{FAE04EC0-301F-11D3-BF4B-00C04F79EFBC}") = "TMQ.CustomerApi", "TMQ.CustomerApi\TMQ.CustomerApi.csproj", "{D4EB89DC-3F68-4652-B258-DC349B23E6EE}"
EndProject
Project("{FAE04EC0-301F-11D3-BF4B-00C04F79EFBC}") = "TMQ.ServiceCMS", "TMQ.ServiceCMS\TMQ.ServiceCMS.csproj", "{85A1F6A7-3858-4AE7-94C6-7CA12BCF3461}"
EndProject
Project("{FAE04EC0-301F-11D3-BF4B-00C04F79EFBC}") = "TMQ.ServiceCMS.Shared", "TMQ.ServiceCMS.Shared\TMQ.ServiceCMS.Shared.csproj", "{1D3B353A-B39C-4C45-A9FB-C3D5AD940381}"
EndProject
Project("{FAE04EC0-301F-11D3-BF4B-00C04F79EFBC}") = "TMQ.SSO", "TMQ.SSO\TMQ.SSO.csproj", "{33B7BC7D-704E-431C-B26A-C63A9FB258B9}"
EndProject
Global
	GlobalSection(SolutionConfigurationPlatforms) = preSolution
		Debug|Any CPU = Debug|Any CPU
		Release|Any CPU = Release|Any CPU
	EndGlobalSection
	GlobalSection(ProjectConfigurationPlatforms) = postSolution
		{A289C8CD-8FCE-483E-A4F4-E29DC3BCFC62}.Debug|Any CPU.ActiveCfg = Debug|Any CPU
		{A289C8CD-8FCE-483E-A4F4-E29DC3BCFC62}.Debug|Any CPU.Build.0 = Debug|Any CPU
		{A289C8CD-8FCE-483E-A4F4-E29DC3BCFC62}.Release|Any CPU.ActiveCfg = Release|Any CPU
		{A289C8CD-8FCE-483E-A4F4-E29DC3BCFC62}.Release|Any CPU.Build.0 = Release|Any CPU
		{FA743559-EC72-4B78-AC13-D563ACCC2E14}.Debug|Any CPU.ActiveCfg = Debug|Any CPU
		{FA743559-EC72-4B78-AC13-D563ACCC2E14}.Debug|Any CPU.Build.0 = Debug|Any CPU
		{FA743559-EC72-4B78-AC13-D563ACCC2E14}.Release|Any CPU.ActiveCfg = Release|Any CPU
		{FA743559-EC72-4B78-AC13-D563ACCC2E14}.Release|Any CPU.Build.0 = Release|Any CPU
		{781240E5-5933-4B60-914C-3EEEBF5B551B}.Debug|Any CPU.ActiveCfg = Debug|Any CPU
		{781240E5-5933-4B60-914C-3EEEBF5B551B}.Debug|Any CPU.Build.0 = Debug|Any CPU
		{781240E5-5933-4B60-914C-3EEEBF5B551B}.Release|Any CPU.ActiveCfg = Release|Any CPU
		{781240E5-5933-4B60-914C-3EEEBF5B551B}.Release|Any CPU.Build.0 = Release|Any CPU
		{164BABD8-9020-4F02-9B9E-574A42DE40A5}.Debug|Any CPU.ActiveCfg = Debug|Any CPU
		{164BABD8-9020-4F02-9B9E-574A42DE40A5}.Debug|Any CPU.Build.0 = Debug|Any CPU
		{164BABD8-9020-4F02-9B9E-574A42DE40A5}.Release|Any CPU.ActiveCfg = Release|Any CPU
		{164BABD8-9020-4F02-9B9E-574A42DE40A5}.Release|Any CPU.Build.0 = Release|Any CPU
		{5D2A9AC6-5D8F-4AF7-A260-BD75520E793B}.Debug|Any CPU.ActiveCfg = Debug|Any CPU
		{5D2A9AC6-5D8F-4AF7-A260-BD75520E793B}.Debug|Any CPU.Build.0 = Debug|Any CPU
		{5D2A9AC6-5D8F-4AF7-A260-BD75520E793B}.Release|Any CPU.ActiveCfg = Release|Any CPU
		{5D2A9AC6-5D8F-4AF7-A260-BD75520E793B}.Release|Any CPU.Build.0 = Release|Any CPU
		{55D23780-8FC4-427F-BEA1-FD30BD596669}.Debug|Any CPU.ActiveCfg = Debug|Any CPU
		{55D23780-8FC4-427F-BEA1-FD30BD596669}.Debug|Any CPU.Build.0 = Debug|Any CPU
		{55D23780-8FC4-427F-BEA1-FD30BD596669}.Release|Any CPU.ActiveCfg = Release|Any CPU
		{55D23780-8FC4-427F-BEA1-FD30BD596669}.Release|Any CPU.Build.0 = Release|Any CPU
		{753765A4-2E80-4CA2-BA93-FB1A357006A6}.Debug|Any CPU.ActiveCfg = Debug|Any CPU
		{753765A4-2E80-4CA2-BA93-FB1A357006A6}.Debug|Any CPU.Build.0 = Debug|Any CPU
		{753765A4-2E80-4CA2-BA93-FB1A357006A6}.Release|Any CPU.ActiveCfg = Release|Any CPU
		{753765A4-2E80-4CA2-BA93-FB1A357006A6}.Release|Any CPU.Build.0 = Release|Any CPU
		{668BF3BE-7631-42B7-B0EF-AC7B0FCF7598}.Debug|Any CPU.ActiveCfg = Debug|Any CPU
		{668BF3BE-7631-42B7-B0EF-AC7B0FCF7598}.Debug|Any CPU.Build.0 = Debug|Any CPU
		{668BF3BE-7631-42B7-B0EF-AC7B0FCF7598}.Release|Any CPU.ActiveCfg = Release|Any CPU
		{668BF3BE-7631-42B7-B0EF-AC7B0FCF7598}.Release|Any CPU.Build.0 = Release|Any CPU
		{457E6844-BEF1-410C-AA49-DF624C2FE1C2}.Debug|Any CPU.ActiveCfg = Debug|Any CPU
		{457E6844-BEF1-410C-AA49-DF624C2FE1C2}.Debug|Any CPU.Build.0 = Debug|Any CPU
		{457E6844-BEF1-410C-AA49-DF624C2FE1C2}.Release|Any CPU.ActiveCfg = Release|Any CPU
		{457E6844-BEF1-410C-AA49-DF624C2FE1C2}.Release|Any CPU.Build.0 = Release|Any CPU
		{CC8609E0-FD43-4DE4-99C9-9559A638735A}.Debug|Any CPU.ActiveCfg = Debug|Any CPU
		{CC8609E0-FD43-4DE4-99C9-9559A638735A}.Debug|Any CPU.Build.0 = Debug|Any CPU
		{CC8609E0-FD43-4DE4-99C9-9559A638735A}.Release|Any CPU.ActiveCfg = Release|Any CPU
		{CC8609E0-FD43-4DE4-99C9-9559A638735A}.Release|Any CPU.Build.0 = Release|Any CPU
		{39AC22AA-CC87-452E-8B76-75B9D3E3E5E5}.Debug|Any CPU.ActiveCfg = Debug|Any CPU
		{39AC22AA-CC87-452E-8B76-75B9D3E3E5E5}.Debug|Any CPU.Build.0 = Debug|Any CPU
		{39AC22AA-CC87-452E-8B76-75B9D3E3E5E5}.Release|Any CPU.ActiveCfg = Release|Any CPU
		{39AC22AA-CC87-452E-8B76-75B9D3E3E5E5}.Release|Any CPU.Build.0 = Release|Any CPU
		{F8B0B691-3126-4509-B46A-ACD29A055BAC}.Debug|Any CPU.ActiveCfg = Debug|Any CPU
		{F8B0B691-3126-4509-B46A-ACD29A055BAC}.Debug|Any CPU.Build.0 = Debug|Any CPU
		{F8B0B691-3126-4509-B46A-ACD29A055BAC}.Release|Any CPU.ActiveCfg = Release|Any CPU
		{F8B0B691-3126-4509-B46A-ACD29A055BAC}.Release|Any CPU.Build.0 = Release|Any CPU
		{ECF45609-3AE4-4098-8988-5F63C95E4E59}.Debug|Any CPU.ActiveCfg = Debug|Any CPU
		{ECF45609-3AE4-4098-8988-5F63C95E4E59}.Debug|Any CPU.Build.0 = Debug|Any CPU
		{ECF45609-3AE4-4098-8988-5F63C95E4E59}.Release|Any CPU.ActiveCfg = Release|Any CPU
		{ECF45609-3AE4-4098-8988-5F63C95E4E59}.Release|Any CPU.Build.0 = Release|Any CPU
		{CC2F3515-2762-407E-8060-A32DA4AE8411}.Debug|Any CPU.ActiveCfg = Debug|Any CPU
		{CC2F3515-2762-407E-8060-A32DA4AE8411}.Debug|Any CPU.Build.0 = Debug|Any CPU
		{CC2F3515-2762-407E-8060-A32DA4AE8411}.Release|Any CPU.ActiveCfg = Release|Any CPU
		{CC2F3515-2762-407E-8060-A32DA4AE8411}.Release|Any CPU.Build.0 = Release|Any CPU
		{EC151C73-BCE7-42B2-B46B-FA5B1925BABB}.Debug|Any CPU.ActiveCfg = Debug|Any CPU
		{EC151C73-BCE7-42B2-B46B-FA5B1925BABB}.Debug|Any CPU.Build.0 = Debug|Any CPU
		{EC151C73-BCE7-42B2-B46B-FA5B1925BABB}.Release|Any CPU.ActiveCfg = Release|Any CPU
		{EC151C73-BCE7-42B2-B46B-FA5B1925BABB}.Release|Any CPU.Build.0 = Release|Any CPU
		{A3A0A04F-C990-4C3C-B2ED-344857E5597B}.Debug|Any CPU.ActiveCfg = Debug|Any CPU
		{A3A0A04F-C990-4C3C-B2ED-344857E5597B}.Debug|Any CPU.Build.0 = Debug|Any CPU
		{A3A0A04F-C990-4C3C-B2ED-344857E5597B}.Release|Any CPU.ActiveCfg = Release|Any CPU
		{A3A0A04F-C990-4C3C-B2ED-344857E5597B}.Release|Any CPU.Build.0 = Release|Any CPU
		{A310BA3C-ABAA-427B-933D-F9051F1D05D5}.Debug|Any CPU.ActiveCfg = Debug|Any CPU
		{A310BA3C-ABAA-427B-933D-F9051F1D05D5}.Debug|Any CPU.Build.0 = Debug|Any CPU
		{A310BA3C-ABAA-427B-933D-F9051F1D05D5}.Release|Any CPU.ActiveCfg = Release|Any CPU
		{A310BA3C-ABAA-427B-933D-F9051F1D05D5}.Release|Any CPU.Build.0 = Release|Any CPU
		{4072BB6D-0562-4FE7-BAB5-1111F01A4C80}.Debug|Any CPU.ActiveCfg = Debug|Any CPU
		{4072BB6D-0562-4FE7-BAB5-1111F01A4C80}.Debug|Any CPU.Build.0 = Debug|Any CPU
		{4072BB6D-0562-4FE7-BAB5-1111F01A4C80}.Release|Any CPU.ActiveCfg = Release|Any CPU
		{4072BB6D-0562-4FE7-BAB5-1111F01A4C80}.Release|Any CPU.Build.0 = Release|Any CPU
		{29477EB9-5F15-4400-9EFE-71AE289037CE}.Debug|Any CPU.ActiveCfg = Debug|Any CPU
		{29477EB9-5F15-4400-9EFE-71AE289037CE}.Debug|Any CPU.Build.0 = Debug|Any CPU
		{29477EB9-5F15-4400-9EFE-71AE289037CE}.Release|Any CPU.ActiveCfg = Release|Any CPU
		{29477EB9-5F15-4400-9EFE-71AE289037CE}.Release|Any CPU.Build.0 = Release|Any CPU
		{6A1404AB-2455-4EC7-855C-628A2A2575C5}.Debug|Any CPU.ActiveCfg = Debug|Any CPU
		{6A1404AB-2455-4EC7-855C-628A2A2575C5}.Debug|Any CPU.Build.0 = Debug|Any CPU
		{6A1404AB-2455-4EC7-855C-628A2A2575C5}.Release|Any CPU.ActiveCfg = Release|Any CPU
		{6A1404AB-2455-4EC7-855C-628A2A2575C5}.Release|Any CPU.Build.0 = Release|Any CPU
		{B59F97DB-3DC4-4118-8933-33EA754E966E}.Debug|Any CPU.ActiveCfg = Debug|Any CPU
		{B59F97DB-3DC4-4118-8933-33EA754E966E}.Debug|Any CPU.Build.0 = Debug|Any CPU
		{B59F97DB-3DC4-4118-8933-33EA754E966E}.Release|Any CPU.ActiveCfg = Release|Any CPU
		{B59F97DB-3DC4-4118-8933-33EA754E966E}.Release|Any CPU.Build.0 = Release|Any CPU
		{08E7AD28-8F78-463B-8FC2-E1162CDA58AB}.Debug|Any CPU.ActiveCfg = Debug|Any CPU
		{08E7AD28-8F78-463B-8FC2-E1162CDA58AB}.Debug|Any CPU.Build.0 = Debug|Any CPU
		{08E7AD28-8F78-463B-8FC2-E1162CDA58AB}.Release|Any CPU.ActiveCfg = Release|Any CPU
		{08E7AD28-8F78-463B-8FC2-E1162CDA58AB}.Release|Any CPU.Build.0 = Release|Any CPU
		{8262D765-E691-41CC-9C65-4F69344F0E17}.Debug|Any CPU.ActiveCfg = Debug|Any CPU
		{8262D765-E691-41CC-9C65-4F69344F0E17}.Debug|Any CPU.Build.0 = Debug|Any CPU
		{8262D765-E691-41CC-9C65-4F69344F0E17}.Release|Any CPU.ActiveCfg = Release|Any CPU
		{8262D765-E691-41CC-9C65-4F69344F0E17}.Release|Any CPU.Build.0 = Release|Any CPU
		{1039F3F3-F363-461C-A071-83F3CFDD2C49}.Debug|Any CPU.ActiveCfg = Debug|Any CPU
		{1039F3F3-F363-461C-A071-83F3CFDD2C49}.Debug|Any CPU.Build.0 = Debug|Any CPU
		{1039F3F3-F363-461C-A071-83F3CFDD2C49}.Release|Any CPU.ActiveCfg = Release|Any CPU
		{1039F3F3-F363-461C-A071-83F3CFDD2C49}.Release|Any CPU.Build.0 = Release|Any CPU
		{8B71E50D-8C68-4C78-82A8-537765E5E9B4}.Debug|Any CPU.ActiveCfg = Debug|Any CPU
		{8B71E50D-8C68-4C78-82A8-537765E5E9B4}.Debug|Any CPU.Build.0 = Debug|Any CPU
		{8B71E50D-8C68-4C78-82A8-537765E5E9B4}.Release|Any CPU.ActiveCfg = Release|Any CPU
		{8B71E50D-8C68-4C78-82A8-537765E5E9B4}.Release|Any CPU.Build.0 = Release|Any CPU
		{45BFC958-91AB-4FCE-9B44-B2E8D42D64EE}.Debug|Any CPU.ActiveCfg = Debug|Any CPU
		{45BFC958-91AB-4FCE-9B44-B2E8D42D64EE}.Debug|Any CPU.Build.0 = Debug|Any CPU
		{45BFC958-91AB-4FCE-9B44-B2E8D42D64EE}.Release|Any CPU.ActiveCfg = Release|Any CPU
		{45BFC958-91AB-4FCE-9B44-B2E8D42D64EE}.Release|Any CPU.Build.0 = Release|Any CPU
		{59081437-A192-4935-A662-2EEBE9F3B04A}.Debug|Any CPU.ActiveCfg = Debug|Any CPU
		{59081437-A192-4935-A662-2EEBE9F3B04A}.Debug|Any CPU.Build.0 = Debug|Any CPU
		{59081437-A192-4935-A662-2EEBE9F3B04A}.Release|Any CPU.ActiveCfg = Release|Any CPU
		{59081437-A192-4935-A662-2EEBE9F3B04A}.Release|Any CPU.Build.0 = Release|Any CPU
		{5BA5285F-4374-4CE5-A409-819A6320599A}.Debug|Any CPU.ActiveCfg = Debug|Any CPU
		{5BA5285F-4374-4CE5-A409-819A6320599A}.Debug|Any CPU.Build.0 = Debug|Any CPU
		{5BA5285F-4374-4CE5-A409-819A6320599A}.Release|Any CPU.ActiveCfg = Release|Any CPU
		{5BA5285F-4374-4CE5-A409-819A6320599A}.Release|Any CPU.Build.0 = Release|Any CPU
		{20A940C9-AC1E-481A-ABAD-C4F703FD0E56}.Debug|Any CPU.ActiveCfg = Debug|Any CPU
		{20A940C9-AC1E-481A-ABAD-C4F703FD0E56}.Debug|Any CPU.Build.0 = Debug|Any CPU
		{20A940C9-AC1E-481A-ABAD-C4F703FD0E56}.Release|Any CPU.ActiveCfg = Release|Any CPU
		{20A940C9-AC1E-481A-ABAD-C4F703FD0E56}.Release|Any CPU.Build.0 = Release|Any CPU
		{24572513-F1ED-4946-8C02-823A500E4A09}.Debug|Any CPU.ActiveCfg = Debug|Any CPU
		{24572513-F1ED-4946-8C02-823A500E4A09}.Debug|Any CPU.Build.0 = Debug|Any CPU
		{24572513-F1ED-4946-8C02-823A500E4A09}.Release|Any CPU.ActiveCfg = Release|Any CPU
		{24572513-F1ED-4946-8C02-823A500E4A09}.Release|Any CPU.Build.0 = Release|Any CPU
		{7B1BEF6C-04F5-428A-AD57-B7C1D7DAD770}.Debug|Any CPU.ActiveCfg = Debug|Any CPU
		{7B1BEF6C-04F5-428A-AD57-B7C1D7DAD770}.Debug|Any CPU.Build.0 = Debug|Any CPU
		{7B1BEF6C-04F5-428A-AD57-B7C1D7DAD770}.Release|Any CPU.ActiveCfg = Release|Any CPU
		{7B1BEF6C-04F5-428A-AD57-B7C1D7DAD770}.Release|Any CPU.Build.0 = Release|Any CPU
		{1916360D-4006-4D1F-929D-FD84FC777163}.Debug|Any CPU.ActiveCfg = Debug|Any CPU
		{1916360D-4006-4D1F-929D-FD84FC777163}.Debug|Any CPU.Build.0 = Debug|Any CPU
		{1916360D-4006-4D1F-929D-FD84FC777163}.Release|Any CPU.ActiveCfg = Release|Any CPU
		{1916360D-4006-4D1F-929D-FD84FC777163}.Release|Any CPU.Build.0 = Release|Any CPU
		{8431CE4D-BE5D-44A0-8E02-4276E01A3B6E}.Debug|Any CPU.ActiveCfg = Debug|Any CPU
		{8431CE4D-BE5D-44A0-8E02-4276E01A3B6E}.Debug|Any CPU.Build.0 = Debug|Any CPU
		{8431CE4D-BE5D-44A0-8E02-4276E01A3B6E}.Release|Any CPU.ActiveCfg = Release|Any CPU
		{8431CE4D-BE5D-44A0-8E02-4276E01A3B6E}.Release|Any CPU.Build.0 = Release|Any CPU
		{6F8B4243-9BC8-4F24-A514-58B35A5626DA}.Debug|Any CPU.ActiveCfg = Debug|Any CPU
		{6F8B4243-9BC8-4F24-A514-58B35A5626DA}.Debug|Any CPU.Build.0 = Debug|Any CPU
		{6F8B4243-9BC8-4F24-A514-58B35A5626DA}.Release|Any CPU.ActiveCfg = Release|Any CPU
		{6F8B4243-9BC8-4F24-A514-58B35A5626DA}.Release|Any CPU.Build.0 = Release|Any CPU
		{FF3EE456-7897-458A-ADC5-7BDEB9DCB4E2}.Debug|Any CPU.ActiveCfg = Debug|Any CPU
		{FF3EE456-7897-458A-ADC5-7BDEB9DCB4E2}.Debug|Any CPU.Build.0 = Debug|Any CPU
		{FF3EE456-7897-458A-ADC5-7BDEB9DCB4E2}.Release|Any CPU.ActiveCfg = Release|Any CPU
		{FF3EE456-7897-458A-ADC5-7BDEB9DCB4E2}.Release|Any CPU.Build.0 = Release|Any CPU
		{C7F749C9-6957-468A-BDBE-D95D5F7F9C0E}.Debug|Any CPU.ActiveCfg = Debug|Any CPU
		{C7F749C9-6957-468A-BDBE-D95D5F7F9C0E}.Debug|Any CPU.Build.0 = Debug|Any CPU
		{C7F749C9-6957-468A-BDBE-D95D5F7F9C0E}.Release|Any CPU.ActiveCfg = Release|Any CPU
		{C7F749C9-6957-468A-BDBE-D95D5F7F9C0E}.Release|Any CPU.Build.0 = Release|Any CPU
		{FB1912D4-0005-4C1C-A57D-D4032D98F318}.Debug|Any CPU.ActiveCfg = Debug|Any CPU
		{FB1912D4-0005-4C1C-A57D-D4032D98F318}.Debug|Any CPU.Build.0 = Debug|Any CPU
		{FB1912D4-0005-4C1C-A57D-D4032D98F318}.Release|Any CPU.ActiveCfg = Release|Any CPU
		{FB1912D4-0005-4C1C-A57D-D4032D98F318}.Release|Any CPU.Build.0 = Release|Any CPU
		{D4EB89DC-3F68-4652-B258-DC349B23E6EE}.Debug|Any CPU.ActiveCfg = Debug|Any CPU
		{D4EB89DC-3F68-4652-B258-DC349B23E6EE}.Debug|Any CPU.Build.0 = Debug|Any CPU
		{D4EB89DC-3F68-4652-B258-DC349B23E6EE}.Release|Any CPU.ActiveCfg = Release|Any CPU
		{D4EB89DC-3F68-4652-B258-DC349B23E6EE}.Release|Any CPU.Build.0 = Release|Any CPU
		{85A1F6A7-3858-4AE7-94C6-7CA12BCF3461}.Debug|Any CPU.ActiveCfg = Debug|Any CPU
		{85A1F6A7-3858-4AE7-94C6-7CA12BCF3461}.Debug|Any CPU.Build.0 = Debug|Any CPU
		{85A1F6A7-3858-4AE7-94C6-7CA12BCF3461}.Release|Any CPU.ActiveCfg = Release|Any CPU
		{85A1F6A7-3858-4AE7-94C6-7CA12BCF3461}.Release|Any CPU.Build.0 = Release|Any CPU
		{1D3B353A-B39C-4C45-A9FB-C3D5AD940381}.Debug|Any CPU.ActiveCfg = Debug|Any CPU
		{1D3B353A-B39C-4C45-A9FB-C3D5AD940381}.Debug|Any CPU.Build.0 = Debug|Any CPU
		{1D3B353A-B39C-4C45-A9FB-C3D5AD940381}.Release|Any CPU.ActiveCfg = Release|Any CPU
		{1D3B353A-B39C-4C45-A9FB-C3D5AD940381}.Release|Any CPU.Build.0 = Release|Any CPU
		{33B7BC7D-704E-431C-B26A-C63A9FB258B9}.Debug|Any CPU.ActiveCfg = Debug|Any CPU
		{33B7BC7D-704E-431C-B26A-C63A9FB258B9}.Debug|Any CPU.Build.0 = Debug|Any CPU
		{33B7BC7D-704E-431C-B26A-C63A9FB258B9}.Release|Any CPU.ActiveCfg = Release|Any CPU
		{33B7BC7D-704E-431C-B26A-C63A9FB258B9}.Release|Any CPU.Build.0 = Release|Any CPU
	EndGlobalSection
	GlobalSection(SolutionProperties) = preSolution
		HideSolutionNode = FALSE
	EndGlobalSection
	GlobalSection(NestedProjects) = preSolution
		{A289C8CD-8FCE-483E-A4F4-E29DC3BCFC62} = {FBD12F46-D8AC-4AEF-A5C9-984E63D473F5}
		{FA743559-EC72-4B78-AC13-D563ACCC2E14} = {FBD12F46-D8AC-4AEF-A5C9-984E63D473F5}
		{781240E5-5933-4B60-914C-3EEEBF5B551B} = {FBD12F46-D8AC-4AEF-A5C9-984E63D473F5}
		{164BABD8-9020-4F02-9B9E-574A42DE40A5} = {FBD12F46-D8AC-4AEF-A5C9-984E63D473F5}
		{5D2A9AC6-5D8F-4AF7-A260-BD75520E793B} = {FBD12F46-D8AC-4AEF-A5C9-984E63D473F5}
		{55D23780-8FC4-427F-BEA1-FD30BD596669} = {FBD12F46-D8AC-4AEF-A5C9-984E63D473F5}
		{753765A4-2E80-4CA2-BA93-FB1A357006A6} = {FBD12F46-D8AC-4AEF-A5C9-984E63D473F5}
		{668BF3BE-7631-42B7-B0EF-AC7B0FCF7598} = {FBD12F46-D8AC-4AEF-A5C9-984E63D473F5}
		{457E6844-BEF1-410C-AA49-DF624C2FE1C2} = {FBD12F46-D8AC-4AEF-A5C9-984E63D473F5}
		{CC8609E0-FD43-4DE4-99C9-9559A638735A} = {FBD12F46-D8AC-4AEF-A5C9-984E63D473F5}
		{39AC22AA-CC87-452E-8B76-75B9D3E3E5E5} = {FBD12F46-D8AC-4AEF-A5C9-984E63D473F5}
		{F8B0B691-3126-4509-B46A-ACD29A055BAC} = {FBD12F46-D8AC-4AEF-A5C9-984E63D473F5}
		{ECF45609-3AE4-4098-8988-5F63C95E4E59} = {FBD12F46-D8AC-4AEF-A5C9-984E63D473F5}
		{CC2F3515-2762-407E-8060-A32DA4AE8411} = {FBD12F46-D8AC-4AEF-A5C9-984E63D473F5}
		{EC151C73-BCE7-42B2-B46B-FA5B1925BABB} = {FBD12F46-D8AC-4AEF-A5C9-984E63D473F5}
		{A3A0A04F-C990-4C3C-B2ED-344857E5597B} = {FBD12F46-D8AC-4AEF-A5C9-984E63D473F5}
		{A310BA3C-ABAA-427B-933D-F9051F1D05D5} = {FBD12F46-D8AC-4AEF-A5C9-984E63D473F5}
		{4072BB6D-0562-4FE7-BAB5-1111F01A4C80} = {FBD12F46-D8AC-4AEF-A5C9-984E63D473F5}
		{29477EB9-5F15-4400-9EFE-71AE289037CE} = {FBD12F46-D8AC-4AEF-A5C9-984E63D473F5}
		{6A1404AB-2455-4EC7-855C-628A2A2575C5} = {FBD12F46-D8AC-4AEF-A5C9-984E63D473F5}
		{B59F97DB-3DC4-4118-8933-33EA754E966E} = {FBD12F46-D8AC-4AEF-A5C9-984E63D473F5}
		{4FDBA21C-0FEF-4C0A-B7D7-A3559074949F} = {4CE3D85F-9297-4D34-8189-8D5E22E637FC}
		{1EFF2C42-469C-45EB-91E7-E2BDDFB8427B} = {4FDBA21C-0FEF-4C0A-B7D7-A3559074949F}
		{4FE3B1CE-EBCD-4A30-9550-26C40A0ACCF4} = {4FDBA21C-0FEF-4C0A-B7D7-A3559074949F}
		{A33D7BC5-55C8-4886-A5AC-9BF753F0F846} = {4FDBA21C-0FEF-4C0A-B7D7-A3559074949F}
		{08E7AD28-8F78-463B-8FC2-E1162CDA58AB} = {4FE3B1CE-EBCD-4A30-9550-26C40A0ACCF4}
		{8262D765-E691-41CC-9C65-4F69344F0E17} = {4FE3B1CE-EBCD-4A30-9550-26C40A0ACCF4}
		{1039F3F3-F363-461C-A071-83F3CFDD2C49} = {4FE3B1CE-EBCD-4A30-9550-26C40A0ACCF4}
		{B234FE10-CAC6-4DC6-B7B9-9AF47BD6F4E3} = {4CE3D85F-9297-4D34-8189-8D5E22E637FC}
		{D9EB081C-4DC7-48B1-A537-999F89FB3CB1} = {4CE3D85F-9297-4D34-8189-8D5E22E637FC}
		{EE309F75-2B5A-4CA2-AD77-1516CB632AC6} = {4CE3D85F-9297-4D34-8189-8D5E22E637FC}
		{1DD5970D-DEE4-4E15-96F1-86E10B9F7A48} = {4CE3D85F-9297-4D34-8189-8D5E22E637FC}
		{09DB6C79-535E-483F-8C7A-A8BFE631898D} = {4CE3D85F-9297-4D34-8189-8D5E22E637FC}
		{25CEB0D3-13DF-42D3-BEA9-38C5FA852DA4} = {4CE3D85F-9297-4D34-8189-8D5E22E637FC}
		{0D66E167-36B1-4AD2-8508-412F180C8D68} = {4CE3D85F-9297-4D34-8189-8D5E22E637FC}
		{BBD6C3C7-73A9-4A08-9111-AFFA5A88AFDB} = {4CE3D85F-9297-4D34-8189-8D5E22E637FC}
		{A2042F11-A530-4156-AC8D-5B2D64C43E8F} = {4CE3D85F-9297-4D34-8189-8D5E22E637FC}
		{D4FD6652-1EB0-4359-B6F2-7D4629625FEF} = {4CE3D85F-9297-4D34-8189-8D5E22E637FC}
		{25AA09EC-AF89-49F8-8231-494A3D49C026} = {4CE3D85F-9297-4D34-8189-8D5E22E637FC}
		{8B71E50D-8C68-4C78-82A8-537765E5E9B4} = {A33D7BC5-55C8-4886-A5AC-9BF753F0F846}
		{45BFC958-91AB-4FCE-9B44-B2E8D42D64EE} = {A33D7BC5-55C8-4886-A5AC-9BF753F0F846}
		{59081437-A192-4935-A662-2EEBE9F3B04A} = {1EFF2C42-469C-45EB-91E7-E2BDDFB8427B}
		{5BA5285F-4374-4CE5-A409-819A6320599A} = {1EFF2C42-469C-45EB-91E7-E2BDDFB8427B}
		{20A940C9-AC1E-481A-ABAD-C4F703FD0E56} = {A33D7BC5-55C8-4886-A5AC-9BF753F0F846}
		{4EBF7476-C499-4BF5-9C0D-0E6517EFEDA8} = {A2042F11-A530-4156-AC8D-5B2D64C43E8F}
		{52B9FC58-4055-45F8-AC57-289E88314DA0} = {A2042F11-A530-4156-AC8D-5B2D64C43E8F}
		{000AA80C-A498-4E27-82F3-DD30D02BD2E6} = {A2042F11-A530-4156-AC8D-5B2D64C43E8F}
		{24572513-F1ED-4946-8C02-823A500E4A09} = {52B9FC58-4055-45F8-AC57-289E88314DA0}
		{7B1BEF6C-04F5-428A-AD57-B7C1D7DAD770} = {52B9FC58-4055-45F8-AC57-289E88314DA0}
		{1916360D-4006-4D1F-929D-FD84FC777163} = {52B9FC58-4055-45F8-AC57-289E88314DA0}
		{8431CE4D-BE5D-44A0-8E02-4276E01A3B6E} = {000AA80C-A498-4E27-82F3-DD30D02BD2E6}
		{6F8B4243-9BC8-4F24-A514-58B35A5626DA} = {000AA80C-A498-4E27-82F3-DD30D02BD2E6}
		{FF3EE456-7897-458A-ADC5-7BDEB9DCB4E2} = {4EBF7476-C499-4BF5-9C0D-0E6517EFEDA8}
		{C7F749C9-6957-468A-BDBE-D95D5F7F9C0E} = {4EBF7476-C499-4BF5-9C0D-0E6517EFEDA8}
		{FB1912D4-0005-4C1C-A57D-D4032D98F318} = {C7881A21-7FA9-4EC8-9A05-F1234F377F43}
		{D4EB89DC-3F68-4652-B258-DC349B23E6EE} = {C7881A21-7FA9-4EC8-9A05-F1234F377F43}
		{85A1F6A7-3858-4AE7-94C6-7CA12BCF3461} = {C7881A21-7FA9-4EC8-9A05-F1234F377F43}
		{1D3B353A-B39C-4C45-A9FB-C3D5AD940381} = {C7881A21-7FA9-4EC8-9A05-F1234F377F43}
		{33B7BC7D-704E-431C-B26A-C63A9FB258B9} = {C7881A21-7FA9-4EC8-9A05-F1234F377F43}
	EndGlobalSection
EndGlobal
